<?xml version="1.0" encoding="utf-8"?>
<Project ToolsVersion="4.0" xmlns="http://schemas.microsoft.com/developer/msbuild/2003">
  <ItemGroup>
    <Filter Include="src">
      <UniqueIdentifier>{d7c00425-fa18-414e-a025-e07fd35bd527}</UniqueIdentifier>
    </Filter>
    <Filter Include="lib">
      <UniqueIdentifier>{2d49a5f8-1c4d-4200-9d3c-373aff126d7f}</UniqueIdentifier>
    </Filter>
    <Filter Include="lib\tbb2017">
      <UniqueIdentifier>{f867d547-d82e-4d6c-8651-9444f7a02e32}</UniqueIdentifier>
    </Filter>
    <Filter Include="lib\tbb2017\lib">
      <UniqueIdentifier>{52e93da2-5d3a-4857-bc34-73c0b5bd7d17}</UniqueIdentifier>
    </Filter>
    <Filter Include="lib\tbb2017\lib\vc14">
      <UniqueIdentifier>{f445dad1-7f8f-49e6-bef7-541bd55c4f69}</UniqueIdentifier>
    </Filter>
    <Filter Include="lib\tbb2017\bin">
      <UniqueIdentifier>{de7e3167-0265-49c3-9044-3287d5dce258}</UniqueIdentifier>
    </Filter>
    <Filter Include="lib\tbb2017\bin\vc14">
      <UniqueIdentifier>{7cedaaa2-f335-4a97-872c-1b15adf21647}</UniqueIdentifier>
    </Filter>
    <Filter Include="src\utils">
      <UniqueIdentifier>{0a6a5de4-faa5-4cff-b05e-55be2d053b69}</UniqueIdentifier>
    </Filter>
    <Filter Include="lib\CmdParser">
      <UniqueIdentifier>{001818ea-8fa4-414c-8776-d9a96e72b9ec}</UniqueIdentifier>
    </Filter>
  </ItemGroup>
  <ItemGroup>
    <None Include="..\lib\tbb2017\README">
      <Filter>lib\tbb2017</Filter>
    </None>
    <None Include="..\lib\tbb2017\lib\intel64\vc14\tbb.def">
      <Filter>lib\tbb2017\lib\vc14</Filter>
    </None>
    <None Include="..\lib\tbb2017\lib\intel64\vc14\tbbmalloc.def">
      <Filter>lib\tbb2017\lib\vc14</Filter>
    </None>
    <None Include="..\lib\tbb2017\lib\intel64\vc14\tbbproxy.pdb">
      <Filter>lib\tbb2017\lib\vc14</Filter>
    </None>
    <None Include="..\lib\tbb2017\lib\intel64\vc14\tbbproxy_debug.pdb">
      <Filter>lib\tbb2017\lib\vc14</Filter>
    </None>
    <None Include="..\lib\tbb2017\bin\intel64\vc14\tbb.dll">
      <Filter>lib\tbb2017\bin\vc14</Filter>
    </None>
    <None Include="..\lib\tbb2017\bin\intel64\vc14\tbb.pdb">
      <Filter>lib\tbb2017\bin\vc14</Filter>
    </None>
    <None Include="..\lib\tbb2017\bin\intel64\vc14\tbb_debug.dll">
      <Filter>lib\tbb2017\bin\vc14</Filter>
    </None>
    <None Include="..\lib\tbb2017\bin\intel64\vc14\tbb_debug.pdb">
      <Filter>lib\tbb2017\bin\vc14</Filter>
    </None>
    <None Include="..\lib\tbb2017\bin\intel64\vc14\tbb_preview.dll">
      <Filter>lib\tbb2017\bin\vc14</Filter>
    </None>
    <None Include="..\lib\tbb2017\bin\intel64\vc14\tbb_preview.pdb">
      <Filter>lib\tbb2017\bin\vc14</Filter>
    </None>
    <None Include="..\lib\tbb2017\bin\intel64\vc14\tbb_preview_debug.dll">
      <Filter>lib\tbb2017\bin\vc14</Filter>
    </None>
    <None Include="..\lib\tbb2017\bin\intel64\vc14\tbb_preview_debug.pdb">
      <Filter>lib\tbb2017\bin\vc14</Filter>
    </None>
    <None Include="..\lib\tbb2017\bin\intel64\vc14\tbbmalloc.dll">
      <Filter>lib\tbb2017\bin\vc14</Filter>
    </None>
    <None Include="..\lib\tbb2017\bin\intel64\vc14\tbbmalloc.pdb">
      <Filter>lib\tbb2017\bin\vc14</Filter>
    </None>
    <None Include="..\lib\tbb2017\bin\intel64\vc14\tbbmalloc_debug.dll">
      <Filter>lib\tbb2017\bin\vc14</Filter>
    </None>
    <None Include="..\lib\tbb2017\bin\intel64\vc14\tbbmalloc_debug.pdb">
      <Filter>lib\tbb2017\bin\vc14</Filter>
    </None>
    <None Include="..\lib\tbb2017\bin\intel64\vc14\tbbmalloc_proxy.dll">
      <Filter>lib\tbb2017\bin\vc14</Filter>
    </None>
    <None Include="..\lib\tbb2017\bin\intel64\vc14\tbbmalloc_proxy.pdb">
      <Filter>lib\tbb2017\bin\vc14</Filter>
    </None>
    <None Include="..\lib\tbb2017\bin\intel64\vc14\tbbmalloc_proxy_debug.dll">
      <Filter>lib\tbb2017\bin\vc14</Filter>
    </None>
    <None Include="..\lib\tbb2017\bin\intel64\vc14\tbbmalloc_proxy_debug.pdb">
      <Filter>lib\tbb2017\bin\vc14</Filter>
    </None>
    <None Include="..\README.md" />
  </ItemGroup>
  <ItemGroup>
    <Library Include="..\lib\tbb2017\lib\intel64\vc14\tbb.lib">
      <Filter>lib\tbb2017\lib\vc14</Filter>
    </Library>
    <Library Include="..\lib\tbb2017\lib\intel64\vc14\tbb_debug.lib">
      <Filter>lib\tbb2017\lib\vc14</Filter>
    </Library>
    <Library Include="..\lib\tbb2017\lib\intel64\vc14\tbb_preview.lib">
      <Filter>lib\tbb2017\lib\vc14</Filter>
    </Library>
    <Library Include="..\lib\tbb2017\lib\intel64\vc14\tbb_preview_debug.lib">
      <Filter>lib\tbb2017\lib\vc14</Filter>
    </Library>
    <Library Include="..\lib\tbb2017\lib\intel64\vc14\tbbmalloc.lib">
      <Filter>lib\tbb2017\lib\vc14</Filter>
    </Library>
    <Library Include="..\lib\tbb2017\lib\intel64\vc14\tbbmalloc_debug.lib">
      <Filter>lib\tbb2017\lib\vc14</Filter>
    </Library>
    <Library Include="..\lib\tbb2017\lib\intel64\vc14\tbbmalloc_proxy.lib">
      <Filter>lib\tbb2017\lib\vc14</Filter>
    </Library>
    <Library Include="..\lib\tbb2017\lib\intel64\vc14\tbbmalloc_proxy_debug.lib">
      <Filter>lib\tbb2017\lib\vc14</Filter>
    </Library>
    <Library Include="..\lib\tbb2017\lib\intel64\vc14\tbbproxy.lib">
      <Filter>lib\tbb2017\lib\vc14</Filter>
    </Library>
    <Library Include="..\lib\tbb2017\lib\intel64\vc14\tbbproxy_debug.lib">
      <Filter>lib\tbb2017\lib\vc14</Filter>
    </Library>
  </ItemGroup>
  <ItemGroup>
    <ClInclude Include="..\lib\CmdParser\cmdparser.hpp">
      <Filter>lib\CmdParser</Filter>
    </ClInclude>
    <ClInclude Include="..\src\utils\Matrix.h">
      <Filter>src\utils</Filter>
    </ClInclude>
    <ClInclude Include="..\src\utils\Watch.hpp">
      <Filter>src\utils</Filter>
    </ClInclude>
    <ClInclude Include="..\src\Alias.h">
      <Filter>src</Filter>
    </ClInclude>
    <ClInclude Include="..\src\ChunkTask.hpp">
      <Filter>src</Filter>
    </ClInclude>
    <ClInclude Include="..\src\Evaluate.hpp">
      <Filter>src</Filter>
    </ClInclude>
    <ClInclude Include="..\src\Tree.h">
      <Filter>src</Filter>
    </ClInclude>
    <ClInclude Include="..\src\Config.hpp">
      <Filter>src</Filter>
    </ClInclude>
  </ItemGroup>
  <ItemGroup>
    <ClCompile Include="..\src\main.cpp">
      <Filter>src</Filter>
    </ClCompile>
  </ItemGroup>
</Project>